
Microsoft Visual Studio Solution File, Format Version 12.00
# Visual Studio Version 16
VisualStudioVersion = 16.0.36422.26
MinimumVisualStudioVersion = 10.0.40219.1
Project("{FAE04EC0-301F-11D3-BF4B-00C04F79EFBC}") = "Calc", "Calc.csproj", "{B7B41FB3-5FDA-4858-A3AA-C99F5F9BB801}"
EndProject
Global
	GlobalSection(SolutionConfigurationPlatforms) = preSolution
		Debug|Any CPU = Debug|Any CPU
		Release|Any CPU = Release|Any CPU
	EndGlobalSection
	GlobalSection(ProjectConfigurationPlatforms) = postSolution
		{B7B41FB3-5FDA-4858-A3AA-C99F5F9BB801}.Debug|Any CPU.ActiveCfg = Debug|Any CPU
		{B7B41FB3-5FDA-4858-A3AA-C99F5F9BB801}.Debug|Any CPU.Build.0 = Debug|Any CPU
		{B7B41FB3-5FDA-4858-A3AA-C99F5F9BB801}.Release|Any CPU.ActiveCfg = Release|Any CPU
		{B7B41FB3-5FDA-4858-A3AA-C99F5F9BB801}.Release|Any CPU.Build.0 = Release|Any CPU
	EndGlobalSection
	GlobalSection(SolutionProperties) = preSolution
		HideSolutionNode = FALSE
	EndGlobalSection
	GlobalSection(ExtensibilityGlobals) = postSolution
		SolutionGuid = {8F7C907B-B9CF-448F-A4A4-520E9BB7D8A2}
	EndGlobalSection
EndGlobal
